
Microsoft Visual Studio Solution File, Format Version 12.00
# Visual Studio Version 17
VisualStudioVersion = 17.7.34031.279
MinimumVisualStudioVersion = 10.0.40219.1
Project("{FAE04EC0-301F-11D3-BF4B-00C04F79EFBC}") = "Quanlibaixe", "Quanlibaixe.csproj", "{CF0068B5-2127-4190-8B5B-B64CAF5A635A}"
EndProject
Project("{FAE04EC0-301F-11D3-BF4B-00C04F79EFBC}") = "DetectbiensoxeDal", "..\DetectbiensoxeDal\DetectbiensoxeDal.csproj", "{C7865442-FB4E-4B23-B179-06E9FB55DBCC}"
EndProject
Global
	GlobalSection(SolutionConfigurationPlatforms) = preSolution
		Debug|Any CPU = Debug|Any CPU
		Debug|x64 = Debug|x64
		Debug|x86 = Debug|x86
		Release|Any CPU = Release|Any CPU
		Release|x64 = Release|x64
		Release|x86 = Release|x86
	EndGlobalSection
	GlobalSection(ProjectConfigurationPlatforms) = postSolution
		{CF0068B5-2127-4190-8B5B-B64CAF5A635A}.Debug|Any CPU.ActiveCfg = Debug|Any CPU
		{CF0068B5-2127-4190-8B5B-B64CAF5A635A}.Debug|Any CPU.Build.0 = Debug|Any CPU
		{CF0068B5-2127-4190-8B5B-B64CAF5A635A}.Debug|x64.ActiveCfg = Debug|Any CPU
		{CF0068B5-2127-4190-8B5B-B64CAF5A635A}.Debug|x64.Build.0 = Debug|Any CPU
		{CF0068B5-2127-4190-8B5B-B64CAF5A635A}.Debug|x86.ActiveCfg = Debug|Any CPU
		{CF0068B5-2127-4190-8B5B-B64CAF5A635A}.Debug|x86.Build.0 = Debug|Any CPU
		{CF0068B5-2127-4190-8B5B-B64CAF5A635A}.Release|Any CPU.ActiveCfg = Release|Any CPU
		{CF0068B5-2127-4190-8B5B-B64CAF5A635A}.Release|Any CPU.Build.0 = Release|Any CPU
		{CF0068B5-2127-4190-8B5B-B64CAF5A635A}.Release|x64.ActiveCfg = Release|Any CPU
		{CF0068B5-2127-4190-8B5B-B64CAF5A635A}.Release|x64.Build.0 = Release|Any CPU
		{CF0068B5-2127-4190-8B5B-B64CAF5A635A}.Release|x86.ActiveCfg = Release|Any CPU
		{CF0068B5-2127-4190-8B5B-B64CAF5A635A}.Release|x86.Build.0 = Release|Any CPU
		{C7865442-FB4E-4B23-B179-06E9FB55DBCC}.Debug|Any CPU.ActiveCfg = Debug|Any CPU
		{C7865442-FB4E-4B23-B179-06E9FB55DBCC}.Debug|Any CPU.Build.0 = Debug|Any CPU
		{C7865442-FB4E-4B23-B179-06E9FB55DBCC}.Debug|x64.ActiveCfg = Debug|Any CPU
		{C7865442-FB4E-4B23-B179-06E9FB55DBCC}.Debug|x64.Build.0 = Debug|Any CPU
		{C7865442-FB4E-4B23-B179-06E9FB55DBCC}.Debug|x86.ActiveCfg = Debug|Any CPU
		{C7865442-FB4E-4B23-B179-06E9FB55DBCC}.Debug|x86.Build.0 = Debug|Any CPU
		{C7865442-FB4E-4B23-B179-06E9FB55DBCC}.Release|Any CPU.ActiveCfg = Release|Any CPU
		{C7865442-FB4E-4B23-B179-06E9FB55DBCC}.Release|Any CPU.Build.0 = Release|Any CPU
		{C7865442-FB4E-4B23-B179-06E9FB55DBCC}.Release|x64.ActiveCfg = Release|Any CPU
		{C7865442-FB4E-4B23-B179-06E9FB55DBCC}.Release|x64.Build.0 = Release|Any CPU
		{C7865442-FB4E-4B23-B179-06E9FB55DBCC}.Release|x86.ActiveCfg = Release|Any CPU
		{C7865442-FB4E-4B23-B179-06E9FB55DBCC}.Release|x86.Build.0 = Release|Any CPU
	EndGlobalSection
	GlobalSection(SolutionProperties) = preSolution
		HideSolutionNode = FALSE
	EndGlobalSection
	GlobalSection(ExtensibilityGlobals) = postSolution
		SolutionGuid = {46B0CB2E-B1E7-4A32-B63B-499489D662F1}
	EndGlobalSection
EndGlobal
